lock_version = 2
manifest_checksum = "b4abbdd5ca9ea026a42cfd03afc8dc8d86990d16334012d5b0b1c46976ec18a3"
target = "aarch64-apple-darwin"
generator = "1.1.8"

[root_dependencies]
"言韧" = "言韧@1.0.0#e526f172db95-d70ab9dbc283e841"

[root_dev_dependencies]

[[package]]
id = "言韧@1.0.0#e526f172db95-d70ab9dbc283e841"
name = "言韧"
version = "1.0.0"
source = "path:../.."
checksum = "d70ab9dbc283e841da2c9e8bad2a279656fe07e72432a5981ccae93480e6161e"
entry = "src/言韧.yx"
target = "aarch64-apple-darwin"
minimum_yanxu = ">=1.1.6"

[package.dependencies]

[package.exports]
"默认" = "src/言韧.yx"
